# This file is automatically @generated by Cargo.
# It is not intended for manual editing.
version = 4

[[package]]
name = "ferrumc-anvil"
version = "0.2.0-dev"

[[package]]
name = "ferrumc-app"
version = "0.2.0-dev"

[[package]]
name = "ferrumc-codec"
version = "0.2.0-dev"

[[package]]
name = "ferrumc-command"
version = "0.2.0-dev"

[[package]]
name = "ferrumc-config"
version = "0.2.0-dev"

[[package]]
name = "ferrumc-core"
version = "0.2.0-dev"

[[package]]
name = "ferrumc-math"
version = "0.2.0-dev"

[[package]]
name = "ferrumc-nbt"
version = "0.2.0-dev"

[[package]]
name = "ferrumc-net"
version = "0.2.0-dev"

[[package]]
name = "ferrumc-observability"
version = "0.2.0-dev"

[[package]]
name = "ferrumc-permission"
version = "0.2.0-dev"

[[package]]
name = "ferrumc-plugin-api"
version = "0.2.0-dev"

[[package]]
name = "ferrumc-plugin-host"
version = "0.2.0-dev"

[[package]]
name = "ferrumc-proto"
version = "0.2.0-dev"

[[package]]
name = "ferrumc-registry"
version = "0.2.0-dev"

[[package]]
name = "ferrumc-session"
version = "0.2.0-dev"

[[package]]
name = "ferrumc-sim"
version = "0.2.0-dev"

[[package]]
name = "ferrumc-storage"
version = "0.2.0-dev"

[[package]]
name = "ferrumc-testkit"
version = "0.2.0-dev"

[[package]]
name = "ferrumc-world"
version = "0.2.0-dev"

[[package]]
name = "xtask"
version = "0.1.0"
